
Microsoft Visual Studio Solution File, Format Version 12.00
# Visual Studio Version 17
VisualStudioVersion = 17.14.36930.0 d17.14
MinimumVisualStudioVersion = 10.0.40219.1
Project("{FAE04EC0-301F-11D3-BF4B-00C04F79EFBC}") = "SchoolExercies1", "SchoolExercies1\SchoolExercies1.csproj", "{0C379291-A455-4985-8114-0D1C6CA0D1B1}"
EndProject
Global
	GlobalSection(SolutionConfigurationPlatforms) = preSolution
		Debug|Any CPU = Debug|Any CPU
		Release|Any CPU = Release|Any CPU
	EndGlobalSection
	GlobalSection(ProjectConfigurationPlatforms) = postSolution
		{0C379291-A455-4985-8114-0D1C6CA0D1B1}.Debug|Any CPU.ActiveCfg = Debug|Any CPU
		{0C379291-A455-4985-8114-0D1C6CA0D1B1}.Debug|Any CPU.Build.0 = Debug|Any CPU
		{0C379291-A455-4985-8114-0D1C6CA0D1B1}.Release|Any CPU.ActiveCfg = Release|Any CPU
		{0C379291-A455-4985-8114-0D1C6CA0D1B1}.Release|Any CPU.Build.0 = Release|Any CPU
	EndGlobalSection
	GlobalSection(SolutionProperties) = preSolution
		HideSolutionNode = FALSE
	EndGlobalSection
	GlobalSection(ExtensibilityGlobals) = postSolution
		SolutionGuid = {2111C51A-813F-4BC5-A797-D0FB923FB12F}
	EndGlobalSection
EndGlobal
